
Microsoft Visual Studio Solution File, Format Version 12.00
# Visual Studio Version 16
VisualStudioVersion = 16.0.810.13
MinimumVisualStudioVersion = 10.0.40219.1
Project("{FAE04EC0-301F-11D3-BF4B-00C04F79EFBC}") = "Sample.Xamarin.Android", "Sample.Xamarin.Android\Sample.Xamarin.Android.csproj", "{6C9FF5E7-DBBA-495B-84BF-67BA0931CDFF}"
EndProject
Project("{FAE04EC0-301F-11D3-BF4B-00C04F79EFBC}") = "Sample.Xamarin.Std", "Sample.Xamarin.Std\Sample.Xamarin.Std.csproj", "{045E7030-6CB3-4D74-9EE6-D0B3B1C84893}"
EndProject
Project("{FAE04EC0-301F-11D3-BF4B-00C04F79EFBC}") = "Sample.NUnit.Core", "Sample.NUnit.Core\Sample.NUnit.Core.csproj", "{C6BF29B9-4BE4-476D-8BF3-F4098FA6AA79}"
EndProject
Project("{FAE04EC0-301F-11D3-BF4B-00C04F79EFBC}") = "BlockingHttpServer.Console.Core", "BlockingHttpServer.Console.Core\BlockingHttpServer.Console.Core.csproj", "{BD8483E7-4B1F-4818-B761-862DC0C4E1DB}"
EndProject
Global
	GlobalSection(SolutionConfigurationPlatforms) = preSolution
		Debug|Any CPU = Debug|Any CPU
		Release|Any CPU = Release|Any CPU
	EndGlobalSection
	GlobalSection(ProjectConfigurationPlatforms) = postSolution
		{6C9FF5E7-DBBA-495B-84BF-67BA0931CDFF}.Debug|Any CPU.ActiveCfg = Debug|Any CPU
		{6C9FF5E7-DBBA-495B-84BF-67BA0931CDFF}.Debug|Any CPU.Build.0 = Debug|Any CPU
		{6C9FF5E7-DBBA-495B-84BF-67BA0931CDFF}.Release|Any CPU.ActiveCfg = Release|Any CPU
		{6C9FF5E7-DBBA-495B-84BF-67BA0931CDFF}.Release|Any CPU.Build.0 = Release|Any CPU
		{045E7030-6CB3-4D74-9EE6-D0B3B1C84893}.Debug|Any CPU.ActiveCfg = Debug|Any CPU
		{045E7030-6CB3-4D74-9EE6-D0B3B1C84893}.Debug|Any CPU.Build.0 = Debug|Any CPU
		{045E7030-6CB3-4D74-9EE6-D0B3B1C84893}.Release|Any CPU.ActiveCfg = Release|Any CPU
		{045E7030-6CB3-4D74-9EE6-D0B3B1C84893}.Release|Any CPU.Build.0 = Release|Any CPU
		{C6BF29B9-4BE4-476D-8BF3-F4098FA6AA79}.Debug|Any CPU.ActiveCfg = Debug|Any CPU
		{C6BF29B9-4BE4-476D-8BF3-F4098FA6AA79}.Debug|Any CPU.Build.0 = Debug|Any CPU
		{C6BF29B9-4BE4-476D-8BF3-F4098FA6AA79}.Release|Any CPU.ActiveCfg = Release|Any CPU
		{C6BF29B9-4BE4-476D-8BF3-F4098FA6AA79}.Release|Any CPU.Build.0 = Release|Any CPU
		{BD8483E7-4B1F-4818-B761-862DC0C4E1DB}.Debug|Any CPU.ActiveCfg = Debug|Any CPU
		{BD8483E7-4B1F-4818-B761-862DC0C4E1DB}.Debug|Any CPU.Build.0 = Debug|Any CPU
		{BD8483E7-4B1F-4818-B761-862DC0C4E1DB}.Release|Any CPU.ActiveCfg = Release|Any CPU
		{BD8483E7-4B1F-4818-B761-862DC0C4E1DB}.Release|Any CPU.Build.0 = Release|Any CPU
	EndGlobalSection
	GlobalSection(SolutionProperties) = preSolution
		HideSolutionNode = FALSE
	EndGlobalSection
	GlobalSection(ExtensibilityGlobals) = postSolution
		SolutionGuid = {8B277BFD-F61A-49C3-8CD3-F99CBFF744B4}
	EndGlobalSection
EndGlobal
